
Microsoft Visual Studio Solution File, Format Version 12.00
# Visual Studio Version 17
VisualStudioVersion = 17.13.35931.197 d17.13
MinimumVisualStudioVersion = 10.0.40219.1
Project("{FAE04EC0-301F-11D3-BF4B-00C04F79EFBC}") = "RGR", "RGR.csproj", "{83BCBD6D-7D49-414F-9DB1-4CC965652701}"
EndProject
Global
	GlobalSection(SolutionConfigurationPlatforms) = preSolution
		Debug|Any CPU = Debug|Any CPU
		Release|Any CPU = Release|Any CPU
	EndGlobalSection
	GlobalSection(ProjectConfigurationPlatforms) = postSolution
		{83BCBD6D-7D49-414F-9DB1-4CC965652701}.Debug|Any CPU.ActiveCfg = Debug|Any CPU
		{83BCBD6D-7D49-414F-9DB1-4CC965652701}.Debug|Any CPU.Build.0 = Debug|Any CPU
		{83BCBD6D-7D49-414F-9DB1-4CC965652701}.Release|Any CPU.ActiveCfg = Release|Any CPU
		{83BCBD6D-7D49-414F-9DB1-4CC965652701}.Release|Any CPU.Build.0 = Release|Any CPU
	EndGlobalSection
	GlobalSection(SolutionProperties) = preSolution
		HideSolutionNode = FALSE
	EndGlobalSection
	GlobalSection(ExtensibilityGlobals) = postSolution
		SolutionGuid = {D4F7EE67-7A18-4C06-B67F-701E7ADDAE93}
	EndGlobalSection
EndGlobal
