
Microsoft Visual Studio Solution File, Format Version 12.00
# Visual Studio Version 17
VisualStudioVersion = 17.13.35931.197 d17.13
MinimumVisualStudioVersion = 10.0.40219.1
Project("{FAE04EC0-301F-11D3-BF4B-00C04F79EFBC}") = "Lab16", "Lab16.csproj", "{38CEF281-5E42-4B46-AE64-07AC6D072084}"
EndProject
Global
	GlobalSection(SolutionConfigurationPlatforms) = preSolution
		Debug|Any CPU = Debug|Any CPU
		Release|Any CPU = Release|Any CPU
	EndGlobalSection
	GlobalSection(ProjectConfigurationPlatforms) = postSolution
		{38CEF281-5E42-4B46-AE64-07AC6D072084}.Debug|Any CPU.ActiveCfg = Debug|Any CPU
		{38CEF281-5E42-4B46-AE64-07AC6D072084}.Debug|Any CPU.Build.0 = Debug|Any CPU
		{38CEF281-5E42-4B46-AE64-07AC6D072084}.Release|Any CPU.ActiveCfg = Release|Any CPU
		{38CEF281-5E42-4B46-AE64-07AC6D072084}.Release|Any CPU.Build.0 = Release|Any CPU
	EndGlobalSection
	GlobalSection(SolutionProperties) = preSolution
		HideSolutionNode = FALSE
	EndGlobalSection
	GlobalSection(ExtensibilityGlobals) = postSolution
		SolutionGuid = {04088FD5-4A7A-4135-B827-6991D28F8DA4}
	EndGlobalSection
EndGlobal
