
Microsoft Visual Studio Solution File, Format Version 12.00
# Visual Studio Version 17
VisualStudioVersion = 17.13.35931.197 d17.13
MinimumVisualStudioVersion = 10.0.40219.1
Project("{FAE04EC0-301F-11D3-BF4B-00C04F79EFBC}") = "Lab9", "Lab9\Lab9.csproj", "{5808F305-DFC8-44EA-9268-163AECC54CB8}"
EndProject
Global
	GlobalSection(SolutionConfigurationPlatforms) = preSolution
		Debug|Any CPU = Debug|Any CPU
		Release|Any CPU = Release|Any CPU
	EndGlobalSection
	GlobalSection(ProjectConfigurationPlatforms) = postSolution
		{5808F305-DFC8-44EA-9268-163AECC54CB8}.Debug|Any CPU.ActiveCfg = Debug|Any CPU
		{5808F305-DFC8-44EA-9268-163AECC54CB8}.Debug|Any CPU.Build.0 = Debug|Any CPU
		{5808F305-DFC8-44EA-9268-163AECC54CB8}.Release|Any CPU.ActiveCfg = Release|Any CPU
		{5808F305-DFC8-44EA-9268-163AECC54CB8}.Release|Any CPU.Build.0 = Release|Any CPU
	EndGlobalSection
	GlobalSection(SolutionProperties) = preSolution
		HideSolutionNode = FALSE
	EndGlobalSection
	GlobalSection(ExtensibilityGlobals) = postSolution
		SolutionGuid = {DAB3CAD6-807D-46A0-8AC9-A9EF7479F394}
	EndGlobalSection
EndGlobal
